[[package]]
category = "main"
description = "Contains sets of English words"
name = "english-words"
optional = false
python-versions = "*"
version = "1.0.3"

[metadata]
content-hash = "62905972b8822aebdbffb5825d5d43a679c27d60dfccf3e3e4c34e09e93a42f9"
python-versions = "^3.8"

[metadata.files]
english-words = [
    {file = "english-words-1.0.3.tar.gz", hash = "sha256:e936ba237455e16a89b877660c0e160852e54de682ad553d79083dbb7b10b345"},
]
